
Microsoft Visual Studio Solution File, Format Version 12.00
# Visual Studio Version 17
VisualStudioVersion = 17.0.31903.59
MinimumVisualStudioVersion = 10.0.40219.1
Project("{FAE04EC0-301F-11D3-BF4B-00C04F79EFBC}") = "MiniPM.Api", "MiniPM.Api\MiniPM.Api.csproj", "{5936BF71-2672-4370-B80E-7908AA653D99}"
EndProject
Global
	GlobalSection(SolutionConfigurationPlatforms) = preSolution
		Debug|Any CPU = Debug|Any CPU
		Release|Any CPU = Release|Any CPU
	EndGlobalSection
	GlobalSection(SolutionProperties) = preSolution
		HideSolutionNode = FALSE
	EndGlobalSection
	GlobalSection(ProjectConfigurationPlatforms) = postSolution
		{5936BF71-2672-4370-B80E-7908AA653D99}.Debug|Any CPU.ActiveCfg = Debug|Any CPU
		{5936BF71-2672-4370-B80E-7908AA653D99}.Debug|Any CPU.Build.0 = Debug|Any CPU
		{5936BF71-2672-4370-B80E-7908AA653D99}.Release|Any CPU.ActiveCfg = Release|Any CPU
		{5936BF71-2672-4370-B80E-7908AA653D99}.Release|Any CPU.Build.0 = Release|Any CPU
	EndGlobalSection
EndGlobal
